// !$*UTF8*$!
{
	archiveVersion = 1;
	classes = {
	};
	objectVersion = 55;
	objects = {

/* Begin PBXBuildFile section */
		1E863F372ACD40BD0011C21E /* WebSocketContentVIew.swift in Sources */ = {isa = PBXBuildFile; fileRef = 1E863F362ACD40BD0011C21E /* WebSocketContentVIew.swift */; };
		1E94CC2C2EB4A22A00F82719 /* NiceToHave in Frameworks */ = {isa = PBXBuildFile; productRef = 1E94CC2B2EB4A22A00F82719 /* NiceToHave */; };
		1E94CC2F2EB4A23C00F82719 /* NiceToHave in Frameworks */ = {isa = PBXBuildFile; productRef = 1E94CC2E2EB4A23C00F82719 /* NiceToHave */; };
		E65469A6280B0A4700EEBB5B /* ExampleProjectApp.swift in Sources */ = {isa = PBXBuildFile; fileRef = E65469A5280B0A4700EEBB5B /* ExampleProjectApp.swift */; };
		E65469A8280B0A4700EEBB5B /* ContentView.swift in Sources */ = {isa = PBXBuildFile; fileRef = E65469A7280B0A4700EEBB5B /* ContentView.swift */; };
		E65469AA280B0A4800EEBB5B /* Assets.xcassets in Resources */ = {isa = PBXBuildFile; fileRef = E65469A9280B0A4800EEBB5B /* Assets.xcassets */; };
		E65469AD280B0A4800EEBB5B /* Preview Assets.xcassets in Resources */ = {isa = PBXBuildFile; fileRef = E65469AC280B0A4800EEBB5B /* Preview Assets.xcassets */; };
		E65469B9280B123A00EEBB5B /* LindebrosApiClient in Frameworks */ = {isa = PBXBuildFile; productRef = E65469B8280B123A00EEBB5B /* LindebrosApiClient */; };
/* End PBXBuildFile section */

/* Begin PBXFileReference section */
		1E863F362ACD40BD0011C21E /* WebSocketContentVIew.swift */ = {isa = PBXFileReference; lastKnownFileType = sourcecode.swift; path = WebSocketContentVIew.swift; sourceTree = "<group>"; };
		E65469A2280B0A4700EEBB5B /* ExampleProject.app */ = {isa = PBXFileReference; explicitFileType = wrapper.application; includeInIndex = 0; path = ExampleProject.app; sourceTree = BUILT_PRODUCTS_DIR; };
		E65469A5280B0A4700EEBB5B /* ExampleProjectApp.swift */ = {isa = PBXFileReference; lastKnownFileType = sourcecode.swift; path = ExampleProjectApp.swift; sourceTree = "<group>"; };
		E65469A7280B0A4700EEBB5B /* ContentView.swift */ = {isa = PBXFileReference; lastKnownFileType = sourcecode.swift; path = ContentView.swift; sourceTree = "<group>"; };
		E65469A9280B0A4800EEBB5B /* Assets.xcassets */ = {isa = PBXFileReference; lastKnownFileType = folder.assetcatalog; path = Assets.xcassets; sourceTree = "<group>"; };
		E65469AC280B0A4800EEBB5B /* Preview Assets.xcassets */ = {isa = PBXFileReference; lastKnownFileType = folder.assetcatalog; path = "Preview Assets.xcassets"; sourceTree = "<group>"; };
		E65469AE280B0A4800EEBB5B /* ExampleProject.entitlements */ = {isa = PBXFileReference; lastKnownFileType = text.plist.entitlements; path = ExampleProject.entitlements; sourceTree = "<group>"; };
		E65469B6280B11C500EEBB5B /* LindebrosApiClient */ = {isa = PBXFileReference; lastKnownFileType = wrapper; name = LindebrosApiClient; path = ../..; sourceTree = "<group>"; };
/* End PBXFileReference section */

/* Begin PBXFrameworksBuildPhase section */
		E654699F280B0A4700EEBB5B /* Frameworks */ = {
			isa = PBXFrameworksBuildPhase;
			buildActionMask = 2147483647;
			files = (
				1E94CC2F2EB4A23C00F82719 /* NiceToHave in Frameworks */,
				1E94CC2C2EB4A22A00F82719 /* NiceToHave in Frameworks */,
				E65469B9280B123A00EEBB5B /* LindebrosApiClient in Frameworks */,
			);
			runOnlyForDeploymentPostprocessing = 0;
		};
/* End PBXFrameworksBuildPhase section */

/* Begin PBXGroup section */
		E6546999280B0A4700EEBB5B = {
			isa = PBXGroup;
			children = (
				E65469B4280B0B1A00EEBB5B /* Packages */,
				E65469A4280B0A4700EEBB5B /* ExampleProject */,
				E65469A3280B0A4700EEBB5B /* Products */,
				E65469B7280B123A00EEBB5B /* Frameworks */,
			);
			sourceTree = "<group>";
		};
		E65469A3280B0A4700EEBB5B /* Products */ = {
			isa = PBXGroup;
			children = (
				E65469A2280B0A4700EEBB5B /* ExampleProject.app */,
			);
			name = Products;
			sourceTree = "<group>";
		};
		E65469A4280B0A4700EEBB5B /* ExampleProject */ = {
			isa = PBXGroup;
			children = (
				E65469A5280B0A4700EEBB5B /* ExampleProjectApp.swift */,
				E65469A7280B0A4700EEBB5B /* ContentView.swift */,
				E65469A9280B0A4800EEBB5B /* Assets.xcassets */,
				E65469AE280B0A4800EEBB5B /* ExampleProject.entitlements */,
				E65469AB280B0A4800EEBB5B /* Preview Content */,
				1E863F362ACD40BD0011C21E /* WebSocketContentVIew.swift */,
			);
			path = ExampleProject;
			sourceTree = "<group>";
		};
		E65469AB280B0A4800EEBB5B /* Preview Content */ = {
			isa = PBXGroup;
			children = (
				E65469AC280B0A4800EEBB5B /* Preview Assets.xcassets */,
			);
			path = "Preview Content";
			sourceTree = "<group>";
		};
		E65469B4280B0B1A00EEBB5B /* Packages */ = {
			isa = PBXGroup;
			children = (
				E65469B6280B11C500EEBB5B /* LindebrosApiClient */,
			);
			name = Packages;
			sourceTree = "<group>";
		};
		E65469B7280B123A00EEBB5B /* Frameworks */ = {
			isa = PBXGroup;
			children = (
			);
			name = Frameworks;
			sourceTree = "<group>";
		};
/* End PBXGroup section */

/* Begin PBXNativeTarget section */
		E65469A1280B0A4700EEBB5B /* ExampleProject */ = {
			isa = PBXNativeTarget;
			buildConfigurationList = E65469B1280B0A4800EEBB5B /* Build configuration list for PBXNativeTarget "ExampleProject" */;
			buildPhases = (
				E654699E280B0A4700EEBB5B /* Sources */,
				E654699F280B0A4700EEBB5B /* Frameworks */,
				E65469A0280B0A4700EEBB5B /* Resources */,
			);
			buildRules = (
			);
			dependencies = (
			);
			name = ExampleProject;
			packageProductDependencies = (
				E65469B8280B123A00EEBB5B /* LindebrosApiClient */,
				1E94CC2B2EB4A22A00F82719 /* NiceToHave */,
				1E94CC2E2EB4A23C00F82719 /* NiceToHave */,
			);
			productName = ExampleProject;
			productReference = E65469A2280B0A4700EEBB5B /* ExampleProject.app */;
			productType = "com.apple.product-type.application";
		};
/* End PBXNativeTarget section */

/* Begin PBXProject section */
		E654699A280B0A4700EEBB5B /* Project object */ = {
			isa = PBXProject;
			attributes = {
				BuildIndependentTargetsInParallel = 1;
				LastSwiftUpdateCheck = 1330;
				LastUpgradeCheck = 1500;
				TargetAttributes = {
					E65469A1280B0A4700EEBB5B = {
						CreatedOnToolsVersion = 13.3.1;
					};
				};
			};
			buildConfigurationList = E654699D280B0A4700EEBB5B /* Build configuration list for PBXProject "ExampleProject" */;
			compatibilityVersion = "Xcode 13.0";
			developmentRegion = en;
			hasScannedForEncodings = 0;
			knownRegions = (
				en,
				Base,
			);
			mainGroup = E6546999280B0A4700EEBB5B;
			packageReferences = (
				1E94CC2D2EB4A23C00F82719 /* XCRemoteSwiftPackageReference "SwiftNiceToHave" */,
			);
			productRefGroup = E65469A3280B0A4700EEBB5B /* Products */;
			projectDirPath = "";
			projectRoot = "";
			targets = (
				E65469A1280B0A4700EEBB5B /* ExampleProject */,
			);
		};
/* End PBXProject section */

/* Begin PBXResourcesBuildPhase section */
		E65469A0280B0A4700EEBB5B /* Resources */ = {
			isa = PBXResourcesBuildPhase;
			buildActionMask = 2147483647;
			files = (
				E65469AD280B0A4800EEBB5B /* Preview Assets.xcassets in Resources */,
				E65469AA280B0A4800EEBB5B /* Assets.xcassets in Resources */,
			);
			runOnlyForDeploymentPostprocessing = 0;
		};
/* End PBXResourcesBuildPhase section */

/* Begin PBXSourcesBuildPhase section */
		E654699E280B0A4700EEBB5B /* Sources */ = {
			isa = PBXSourcesBuildPhase;
			buildActionMask = 2147483647;
			files = (
				1E863F372ACD40BD0011C21E /* WebSocketContentVIew.swift in Sources */,
				E65469A8280B0A4700EEBB5B /* ContentView.swift in Sources */,
				E65469A6280B0A4700EEBB5B /* ExampleProjectApp.swift in Sources */,
			);
			runOnlyForDeploymentPostprocessing = 0;
		};
/* End PBXSourcesBuildPhase section */

/* Begin XCBuildConfiguration section */
		E65469AF280B0A4800EEBB5B /* Debug */ = {
			isa = XCBuildConfiguration;
			buildSettings = {
				ALWAYS_SEARCH_USER_PATHS = NO;
				CLANG_ANALYZER_NONNULL = YES;
				CLANG_ANALYZER_NUMBER_OBJECT_CONVERSION = YES_AGGRESSIVE;
				CLANG_CXX_LANGUAGE_STANDARD = "gnu++17";
				CLANG_ENABLE_MODULES = YES;
				CLANG_ENABLE_OBJC_ARC = YES;
				CLANG_ENABLE_OBJC_WEAK = YES;
				CLANG_WARN_BLOCK_CAPTURE_AUTORELEASING = YES;
				CLANG_WARN_BOOL_CONVERSION = YES;
				CLANG_WARN_COMMA = YES;
				CLANG_WARN_CONSTANT_CONVERSION = YES;
				CLANG_WARN_DEPRECATED_OBJC_IMPLEMENTATIONS = YES;
				CLANG_WARN_DIRECT_OBJC_ISA_USAGE = YES_ERROR;
				CLANG_WARN_DOCUMENTATION_COMMENTS = YES;
				CLANG_WARN_EMPTY_BODY = YES;
				CLANG_WARN_ENUM_CONVERSION = YES;
				CLANG_WARN_INFINITE_RECURSION = YES;
				CLANG_WARN_INT_CONVERSION = YES;
				CLANG_WARN_NON_LITERAL_NULL_CONVERSION = YES;
				CLANG_WARN_OBJC_IMPLICIT_RETAIN_SELF = YES;
				CLANG_WARN_OBJC_LITERAL_CONVERSION = YES;
				CLANG_WARN_OBJC_ROOT_CLASS = YES_ERROR;
				CLANG_WARN_QUOTED_INCLUDE_IN_FRAMEWORK_HEADER = YES;
				CLANG_WARN_RANGE_LOOP_ANALYSIS = YES;
				CLANG_WARN_STRICT_PROTOTYPES = YES;
				CLANG_WARN_SUSPICIOUS_MOVE = YES;
				CLANG_WARN_UNGUARDED_AVAILABILITY = YES_AGGRESSIVE;
				CLANG_WARN_UNREACHABLE_CODE = YES;
				CLANG_WARN__DUPLICATE_METHOD_MATCH = YES;
				COPY_PHASE_STRIP = NO;
				DEAD_CODE_STRIPPING = YES;
				DEBUG_INFORMATION_FORMAT = dwarf;
				ENABLE_STRICT_OBJC_MSGSEND = YES;
				ENABLE_TESTABILITY = YES;
				ENABLE_USER_SCRIPT_SANDBOXING = YES;
				GCC_C_LANGUAGE_STANDARD = gnu11;
				GCC_DYNAMIC_NO_PIC = NO;
				GCC_NO_COMMON_BLOCKS = YES;
				GCC_OPTIMIZATION_LEVEL = 0;
				GCC_PREPROCESSOR_DEFINITIONS = (
					"DEBUG=1",
					"$(inherited)",
				);
				GCC_WARN_64_TO_32_BIT_CONVERSION = YES;
				GCC_WARN_ABOUT_RETURN_TYPE = YES_ERROR;
				GCC_WARN_UNDECLARED_SELECTOR = YES;
				GCC_WARN_UNINITIALIZED_AUTOS = YES_AGGRESSIVE;
				GCC_WARN_UNUSED_FUNCTION = YES;
				GCC_WARN_UNUSED_VARIABLE = YES;
				MACOSX_DEPLOYMENT_TARGET = 12.3;
				MTL_ENABLE_DEBUG_INFO = INCLUDE_SOURCE;
				MTL_FAST_MATH = YES;
				ONLY_ACTIVE_ARCH = YES;
				SDKROOT = macosx;
				SWIFT_ACTIVE_COMPILATION_CONDITIONS = DEBUG;
				SWIFT_OPTIMIZATION_LEVEL = "-Onone";
				SWIFT_STRICT_CONCURRENCY = complete;
			};
			name = Debug;
		};
		E65469B0280B0A4800EEBB5B /* Release */ = {
			isa = XCBuildConfiguration;
			buildSettings = {
				ALWAYS_SEARCH_USER_PATHS = NO;
				CLANG_ANALYZER_NONNULL = YES;
				CLANG_ANALYZER_NUMBER_OBJECT_CONVERSION = YES_AGGRESSIVE;
				CLANG_CXX_LANGUAGE_STANDARD = "gnu++17";
				CLANG_ENABLE_MODULES = YES;
				CLANG_ENABLE_OBJC_ARC = YES;
				CLANG_ENABLE_OBJC_WEAK = YES;
				CLANG_WARN_BLOCK_CAPTURE_AUTORELEASING = YES;
				CLANG_WARN_BOOL_CONVERSION = YES;
				CLANG_WARN_COMMA = YES;
				CLANG_WARN_CONSTANT_CONVERSION = YES;
				CLANG_WARN_DEPRECATED_OBJC_IMPLEMENTATIONS = YES;
				CLANG_WARN_DIRECT_OBJC_ISA_USAGE = YES_ERROR;
				CLANG_WARN_DOCUMENTATION_COMMENTS = YES;
				CLANG_WARN_EMPTY_BODY = YES;
				CLANG_WARN_ENUM_CONVERSION = YES;
				CLANG_WARN_INFINITE_RECURSION = YES;
				CLANG_WARN_INT_CONVERSION = YES;
				CLANG_WARN_NON_LITERAL_NULL_CONVERSION = YES;
				CLANG_WARN_OBJC_IMPLICIT_RETAIN_SELF = YES;
				CLANG_WARN_OBJC_LITERAL_CONVERSION = YES;
				CLANG_WARN_OBJC_ROOT_CLASS = YES_ERROR;
				CLANG_WARN_QUOTED_INCLUDE_IN_FRAMEWORK_HEADER = YES;
				CLANG_WARN_RANGE_LOOP_ANALYSIS = YES;
				CLANG_WARN_STRICT_PROTOTYPES = YES;
				CLANG_WARN_SUSPICIOUS_MOVE = YES;
				CLANG_WARN_UNGUARDED_AVAILABILITY = YES_AGGRESSIVE;
				CLANG_WARN_UNREACHABLE_CODE = YES;
				CLANG_WARN__DUPLICATE_METHOD_MATCH = YES;
				COPY_PHASE_STRIP = NO;
				DEAD_CODE_STRIPPING = YES;
				DEBUG_INFORMATION_FORMAT = "dwarf-with-dsym";
				ENABLE_NS_ASSERTIONS = NO;
				ENABLE_STRICT_OBJC_MSGSEND = YES;
				ENABLE_USER_SCRIPT_SANDBOXING = YES;
				GCC_C_LANGUAGE_STANDARD = gnu11;
				GCC_NO_COMMON_BLOCKS = YES;
				GCC_WARN_64_TO_32_BIT_CONVERSION = YES;
				GCC_WARN_ABOUT_RETURN_TYPE = YES_ERROR;
				GCC_WARN_UNDECLARED_SELECTOR = YES;
				GCC_WARN_UNINITIALIZED_AUTOS = YES_AGGRESSIVE;
				GCC_WARN_UNUSED_FUNCTION = YES;
				GCC_WARN_UNUSED_VARIABLE = YES;
				MACOSX_DEPLOYMENT_TARGET = 12.3;
				MTL_ENABLE_DEBUG_INFO = NO;
				MTL_FAST_MATH = YES;
				SDKROOT = macosx;
				SWIFT_COMPILATION_MODE = wholemodule;
				SWIFT_OPTIMIZATION_LEVEL = "-O";
				SWIFT_STRICT_CONCURRENCY = complete;
			};
			name = Release;
		};
		E65469B2280B0A4800EEBB5B /* Debug */ = {
			isa = XCBuildConfiguration;
			buildSettings = {
				ASSETCATALOG_COMPILER_APPICON_NAME = AppIcon;
				ASSETCATALOG_COMPILER_GLOBAL_ACCENT_COLOR_NAME = AccentColor;
				CODE_SIGN_ENTITLEMENTS = ExampleProject/ExampleProject.entitlements;
				CODE_SIGN_STYLE = Manual;
				COMBINE_HIDPI_IMAGES = YES;
				CURRENT_PROJECT_VERSION = 1;
				DEAD_CODE_STRIPPING = YES;
				DEVELOPMENT_ASSET_PATHS = "\"ExampleProject/Preview Content\"";
				DEVELOPMENT_TEAM = "";
				ENABLE_HARDENED_RUNTIME = YES;
				ENABLE_PREVIEWS = YES;
				GENERATE_INFOPLIST_FILE = YES;
				INFOPLIST_KEY_NSHumanReadableCopyright = "";
				LD_RUNPATH_SEARCH_PATHS = (
					"$(inherited)",
					"@executable_path/../Frameworks",
				);
				MACOSX_DEPLOYMENT_TARGET = 26.0;
				MARKETING_VERSION = 1.0;
				PRODUCT_BUNDLE_IDENTIFIER = com.example.LindebrosHomeAssistant.ExampleProject;
				PRODUCT_NAME = "$(TARGET_NAME)";
				PROVISIONING_PROFILE_SPECIFIER = "";
				SWIFT_EMIT_LOC_STRINGS = YES;
				SWIFT_STRICT_CONCURRENCY = complete;
				SWIFT_VERSION = 5.0;
			};
			name = Debug;
		};
		E65469B3280B0A4800EEBB5B /* Release */ = {
			isa = XCBuildConfiguration;
			buildSettings = {
				ASSETCATALOG_COMPILER_APPICON_NAME = AppIcon;
				ASSETCATALOG_COMPILER_GLOBAL_ACCENT_COLOR_NAME = AccentColor;
				CODE_SIGN_ENTITLEMENTS = ExampleProject/ExampleProject.entitlements;
				CODE_SIGN_STYLE = Automatic;
				COMBINE_HIDPI_IMAGES = YES;
				CURRENT_PROJECT_VERSION = 1;
				DEAD_CODE_STRIPPING = YES;
				DEVELOPMENT_ASSET_PATHS = "\"ExampleProject/Preview Content\"";
				DEVELOPMENT_TEAM = "";
				ENABLE_HARDENED_RUNTIME = YES;
				ENABLE_PREVIEWS = YES;
				GENERATE_INFOPLIST_FILE = YES;
				INFOPLIST_KEY_NSHumanReadableCopyright = "";
				LD_RUNPATH_SEARCH_PATHS = (
					"$(inherited)",
					"@executable_path/../Frameworks",
				);
				MACOSX_DEPLOYMENT_TARGET = 26.0;
				MARKETING_VERSION = 1.0;
				PRODUCT_BUNDLE_IDENTIFIER = com.example.LindebrosHomeAssistant.ExampleProject;
				PRODUCT_NAME = "$(TARGET_NAME)";
				SWIFT_EMIT_LOC_STRINGS = YES;
				SWIFT_STRICT_CONCURRENCY = complete;
				SWIFT_VERSION = 5.0;
			};
			name = Release;
		};
/* End XCBuildConfiguration section */

/* Begin XCConfigurationList section */
		E654699D280B0A4700EEBB5B /* Build configuration list for PBXProject "ExampleProject" */ = {
			isa = XCConfigurationList;
			buildConfigurations = (
				E65469AF280B0A4800EEBB5B /* Debug */,
				E65469B0280B0A4800EEBB5B /* Release */,
			);
			defaultConfigurationIsVisible = 0;
			defaultConfigurationName = Release;
		};
		E65469B1280B0A4800EEBB5B /* Build configuration list for PBXNativeTarget "ExampleProject" */ = {
			isa = XCConfigurationList;
			buildConfigurations = (
				E65469B2280B0A4800EEBB5B /* Debug */,
				E65469B3280B0A4800EEBB5B /* Release */,
			);
			defaultConfigurationIsVisible = 0;
			defaultConfigurationName = Release;
		};
/* End XCConfigurationList section */

/* Begin XCRemoteSwiftPackageReference section */
		1E94CC2D2EB4A23C00F82719 /* XCRemoteSwiftPackageReference "SwiftNiceToHave" */ = {
			isa = XCRemoteSwiftPackageReference;
			repositoryURL = "https://github.com/andylindebros/SwiftNiceToHave";
			requirement = {
				kind = upToNextMajorVersion;
				minimumVersion = 1.3.6;
			};
		};
/* End XCRemoteSwiftPackageReference section */

/* Begin XCSwiftPackageProductDependency section */
		1E94CC2B2EB4A22A00F82719 /* NiceToHave */ = {
			isa = XCSwiftPackageProductDependency;
			productName = NiceToHave;
		};
		1E94CC2E2EB4A23C00F82719 /* NiceToHave */ = {
			isa = XCSwiftPackageProductDependency;
			package = 1E94CC2D2EB4A23C00F82719 /* XCRemoteSwiftPackageReference "SwiftNiceToHave" */;
			productName = NiceToHave;
		};
		E65469B8280B123A00EEBB5B /* LindebrosApiClient */ = {
			isa = XCSwiftPackageProductDependency;
			productName = LindebrosApiClient;
		};
/* End XCSwiftPackageProductDependency section */
	};
	rootObject = E654699A280B0A4700EEBB5B /* Project object */;
}
